
Microsoft Visual Studio Solution File, Format Version 12.00
# Visual Studio Version 17
VisualStudioVersion = 17.0.32112.339
MinimumVisualStudioVersion = 10.0.40219.1
Project("{8BC9CEB8-8B4A-11D0-8D11-00A0C91BC942}") = "Server", "OSlab5\OSlab5.vcxproj", "{44CD817C-1264-4A74-B3B9-9AF82F6B947C}"
EndProject
Project("{8BC9CEB8-8B4A-11D0-8D11-00A0C91BC942}") = "Client", "Client\Client.vcxproj", "{998AB4E8-0F0B-46D8-A12D-A7258A92752F}"
EndProject
Global
	GlobalSection(SolutionConfigurationPlatforms) = preSolution
		Debug|x64 = Debug|x64
		Debug|x86 = Debug|x86
		Release|x64 = Release|x64
		Release|x86 = Release|x86
	EndGlobalSection
	GlobalSection(ProjectConfigurationPlatforms) = postSolution
		{44CD817C-1264-4A74-B3B9-9AF82F6B947C}.Debug|x64.ActiveCfg = Debug|x64
		{44CD817C-1264-4A74-B3B9-9AF82F6B947C}.Debug|x64.Build.0 = Debug|x64
		{44CD817C-1264-4A74-B3B9-9AF82F6B947C}.Debug|x86.ActiveCfg = Debug|Win32
		{44CD817C-1264-4A74-B3B9-9AF82F6B947C}.Debug|x86.Build.0 = Debug|Win32
		{44CD817C-1264-4A74-B3B9-9AF82F6B947C}.Release|x64.ActiveCfg = Release|x64
		{44CD817C-1264-4A74-B3B9-9AF82F6B947C}.Release|x64.Build.0 = Release|x64
		{44CD817C-1264-4A74-B3B9-9AF82F6B947C}.Release|x86.ActiveCfg = Release|Win32
		{44CD817C-1264-4A74-B3B9-9AF82F6B947C}.Release|x86.Build.0 = Release|Win32
		{998AB4E8-0F0B-46D8-A12D-A7258A92752F}.Debug|x64.ActiveCfg = Debug|x64
		{998AB4E8-0F0B-46D8-A12D-A7258A92752F}.Debug|x64.Build.0 = Debug|x64
		{998AB4E8-0F0B-46D8-A12D-A7258A92752F}.Debug|x86.ActiveCfg = Debug|Win32
		{998AB4E8-0F0B-46D8-A12D-A7258A92752F}.Debug|x86.Build.0 = Debug|Win32
		{998AB4E8-0F0B-46D8-A12D-A7258A92752F}.Release|x64.ActiveCfg = Release|x64
		{998AB4E8-0F0B-46D8-A12D-A7258A92752F}.Release|x64.Build.0 = Release|x64
		{998AB4E8-0F0B-46D8-A12D-A7258A92752F}.Release|x86.ActiveCfg = Release|Win32
		{998AB4E8-0F0B-46D8-A12D-A7258A92752F}.Release|x86.Build.0 = Release|Win32
	EndGlobalSection
	GlobalSection(SolutionProperties) = preSolution
		HideSolutionNode = FALSE
	EndGlobalSection
	GlobalSection(ExtensibilityGlobals) = postSolution
		SolutionGuid = {B6E1BE72-BC3F-46E8-9806-8E3411E54198}
	EndGlobalSection
EndGlobal
